
Microsoft Visual Studio Solution File, Format Version 12.00
# Visual Studio 15
VisualStudioVersion = 15.0.28010.2041
MinimumVisualStudioVersion = 10.0.40219.1
Project("{FAE04EC0-301F-11D3-BF4B-00C04F79EFBC}") = "VerificaTrianguloOrientadoObjeto", "VerificaTrianguloOrientadoObjeto\VerificaTrianguloOrientadoObjeto.csproj", "{F2714C21-308C-4FB0-9437-AF64DC60B2C5}"
EndProject
Global
	GlobalSection(SolutionConfigurationPlatforms) = preSolution
		Debug|Any CPU = Debug|Any CPU
		Release|Any CPU = Release|Any CPU
	EndGlobalSection
	GlobalSection(ProjectConfigurationPlatforms) = postSolution
		{F2714C21-308C-4FB0-9437-AF64DC60B2C5}.Debug|Any CPU.ActiveCfg = Debug|Any CPU
		{F2714C21-308C-4FB0-9437-AF64DC60B2C5}.Debug|Any CPU.Build.0 = Debug|Any CPU
		{F2714C21-308C-4FB0-9437-AF64DC60B2C5}.Release|Any CPU.ActiveCfg = Release|Any CPU
		{F2714C21-308C-4FB0-9437-AF64DC60B2C5}.Release|Any CPU.Build.0 = Release|Any CPU
	EndGlobalSection
	GlobalSection(SolutionProperties) = preSolution
		HideSolutionNode = FALSE
	EndGlobalSection
	GlobalSection(ExtensibilityGlobals) = postSolution
		SolutionGuid = {916E6DA0-29F3-401E-B224-ABAE1BD97CB2}
	EndGlobalSection
EndGlobal
