
Microsoft Visual Studio Solution File, Format Version 12.00
# Visual Studio 15
VisualStudioVersion = 15.0.28010.2041
MinimumVisualStudioVersion = 10.0.40219.1
Project("{FAE04EC0-301F-11D3-BF4B-00C04F79EFBC}") = "Arrays", "Arrays\Arrays.csproj", "{C28AC59E-AFBD-46BA-8353-59B1480281C2}"
EndProject
Global
	GlobalSection(SolutionConfigurationPlatforms) = preSolution
		Debug|Any CPU = Debug|Any CPU
		Release|Any CPU = Release|Any CPU
	EndGlobalSection
	GlobalSection(ProjectConfigurationPlatforms) = postSolution
		{C28AC59E-AFBD-46BA-8353-59B1480281C2}.Debug|Any CPU.ActiveCfg = Debug|Any CPU
		{C28AC59E-AFBD-46BA-8353-59B1480281C2}.Debug|Any CPU.Build.0 = Debug|Any CPU
		{C28AC59E-AFBD-46BA-8353-59B1480281C2}.Release|Any CPU.ActiveCfg = Release|Any CPU
		{C28AC59E-AFBD-46BA-8353-59B1480281C2}.Release|Any CPU.Build.0 = Release|Any CPU
	EndGlobalSection
	GlobalSection(SolutionProperties) = preSolution
		HideSolutionNode = FALSE
	EndGlobalSection
	GlobalSection(ExtensibilityGlobals) = postSolution
		SolutionGuid = {5A6FBAFD-6BB4-4622-87F6-BBC81D194D21}
	EndGlobalSection
EndGlobal
